// !$*UTF8*$!
{
	archiveVersion = 1;
	classes = {
	};
	objectVersion = 55;
	objects = {

/* Begin PBXBuildFile section */
		9095FC1C29DDA45C0054CD13 /* VulnerableVault.m in Sources */ = {isa = PBXBuildFile; fileRef = 9095FC1B29DDA45C0054CD13 /* VulnerableVault.m */; };
		9095FC1F29DDBB4D0054CD13 /* Helper.swift in Sources */ = {isa = PBXBuildFile; fileRef = 9095FC1E29DDBB4D0054CD13 /* Helper.swift */; };
		9095FC2129DDD1CE0054CD13 /* ChallengeView.swift in Sources */ = {isa = PBXBuildFile; fileRef = 9095FC2029DDD1CE0054CD13 /* ChallengeView.swift */; };
		9095FC2329DDE8910054CD13 /* HiddenVault.m in Sources */ = {isa = PBXBuildFile; fileRef = 9095FC2229DDE8910054CD13 /* HiddenVault.m */; };
		9095FC2729DF27C70054CD13 /* NativeVault.c in Sources */ = {isa = PBXBuildFile; fileRef = 9095FC2629DF27C70054CD13 /* NativeVault.c */; };
		9095FC2929DF3DA30054CD13 /* Security.swift in Sources */ = {isa = PBXBuildFile; fileRef = 9095FC2829DF3DA20054CD13 /* Security.swift */; };
		9095FC2B29DF514D0054CD13 /* SwiftVault.swift in Sources */ = {isa = PBXBuildFile; fileRef = 9095FC2A29DF514D0054CD13 /* SwiftVault.swift */; };
		9095FC2D29E049A60054CD13 /* ChallengeVault.swift in Sources */ = {isa = PBXBuildFile; fileRef = 9095FC2C29E049A60054CD13 /* ChallengeVault.swift */; };
		9095FC2F29E056110054CD13 /* String+Subscript.swift in Sources */ = {isa = PBXBuildFile; fileRef = 9095FC2E29E056110054CD13 /* String+Subscript.swift */; };
		90CB95B629AE078800542BD2 /* fridaplaygroundApp.swift in Sources */ = {isa = PBXBuildFile; fileRef = 90CB95B529AE078800542BD2 /* fridaplaygroundApp.swift */; };
		90CB95B829AE078800542BD2 /* ContentView.swift in Sources */ = {isa = PBXBuildFile; fileRef = 90CB95B729AE078800542BD2 /* ContentView.swift */; };
		90CB95BA29AE078D00542BD2 /* Assets.xcassets in Resources */ = {isa = PBXBuildFile; fileRef = 90CB95B929AE078D00542BD2 /* Assets.xcassets */; };
		90CB95BD29AE078D00542BD2 /* Preview Assets.xcassets in Resources */ = {isa = PBXBuildFile; fileRef = 90CB95BC29AE078D00542BD2 /* Preview Assets.xcassets */; };
/* End PBXBuildFile section */

/* Begin PBXFileReference section */
		9095FC1A29DDA45C0054CD13 /* fridaplayground-Bridging-Header.h */ = {isa = PBXFileReference; lastKnownFileType = sourcecode.c.h; path = "fridaplayground-Bridging-Header.h"; sourceTree = "<group>"; };
		9095FC1B29DDA45C0054CD13 /* VulnerableVault.m */ = {isa = PBXFileReference; lastKnownFileType = sourcecode.c.objc; path = VulnerableVault.m; sourceTree = "<group>"; };
		9095FC1D29DDAC2E0054CD13 /* VulnerableVault.h */ = {isa = PBXFileReference; lastKnownFileType = sourcecode.c.h; path = VulnerableVault.h; sourceTree = "<group>"; };
		9095FC1E29DDBB4D0054CD13 /* Helper.swift */ = {isa = PBXFileReference; lastKnownFileType = sourcecode.swift; path = Helper.swift; sourceTree = "<group>"; };
		9095FC2029DDD1CE0054CD13 /* ChallengeView.swift */ = {isa = PBXFileReference; lastKnownFileType = sourcecode.swift; path = ChallengeView.swift; sourceTree = "<group>"; };
		9095FC2229DDE8910054CD13 /* HiddenVault.m */ = {isa = PBXFileReference; lastKnownFileType = sourcecode.c.objc; path = HiddenVault.m; sourceTree = "<group>"; };
		9095FC2429DDE8C00054CD13 /* HiddenVault.h */ = {isa = PBXFileReference; lastKnownFileType = sourcecode.c.h; path = HiddenVault.h; sourceTree = "<group>"; };
		9095FC2529DF27C70054CD13 /* NativeVault.h */ = {isa = PBXFileReference; lastKnownFileType = sourcecode.c.h; path = NativeVault.h; sourceTree = "<group>"; };
		9095FC2629DF27C70054CD13 /* NativeVault.c */ = {isa = PBXFileReference; lastKnownFileType = sourcecode.c.c; path = NativeVault.c; sourceTree = "<group>"; };
		9095FC2829DF3DA20054CD13 /* Security.swift */ = {isa = PBXFileReference; lastKnownFileType = sourcecode.swift; path = Security.swift; sourceTree = "<group>"; };
		9095FC2A29DF514D0054CD13 /* SwiftVault.swift */ = {isa = PBXFileReference; lastKnownFileType = sourcecode.swift; path = SwiftVault.swift; sourceTree = "<group>"; };
		9095FC2C29E049A60054CD13 /* ChallengeVault.swift */ = {isa = PBXFileReference; lastKnownFileType = sourcecode.swift; path = ChallengeVault.swift; sourceTree = "<group>"; };
		9095FC2E29E056110054CD13 /* String+Subscript.swift */ = {isa = PBXFileReference; lastKnownFileType = sourcecode.swift; path = "String+Subscript.swift"; sourceTree = "<group>"; };
		9095FC3129EFFC980054CD13 /* icon (1)-20@2x.png */ = {isa = PBXFileReference; lastKnownFileType = image.png; path = "icon (1)-20@2x.png"; sourceTree = "<group>"; };
		9095FC3229EFFC990054CD13 /* icon (1)-20@3x.png */ = {isa = PBXFileReference; lastKnownFileType = image.png; path = "icon (1)-20@3x.png"; sourceTree = "<group>"; };
		9095FC3329EFFC990054CD13 /* icon (1)-76.png */ = {isa = PBXFileReference; lastKnownFileType = image.png; path = "icon (1)-76.png"; sourceTree = "<group>"; };
		9095FC3429EFFC990054CD13 /* icon (1)-83.5@2x.png */ = {isa = PBXFileReference; lastKnownFileType = image.png; path = "icon (1)-83.5@2x.png"; sourceTree = "<group>"; };
		9095FC3529EFFC990054CD13 /* icon (1)-29.png */ = {isa = PBXFileReference; lastKnownFileType = image.png; path = "icon (1)-29.png"; sourceTree = "<group>"; };
		9095FC3629EFFC990054CD13 /* icon (1)-40@3x.png */ = {isa = PBXFileReference; lastKnownFileType = image.png; path = "icon (1)-40@3x.png"; sourceTree = "<group>"; };
		9095FC3729EFFC990054CD13 /* Contents.json */ = {isa = PBXFileReference; fileEncoding = 4; lastKnownFileType = text.json; path = Contents.json; sourceTree = "<group>"; };
		9095FC3829EFFC990054CD13 /* icon (1)-40@2x.png */ = {isa = PBXFileReference; lastKnownFileType = image.png; path = "icon (1)-40@2x.png"; sourceTree = "<group>"; };
		9095FC3929EFFC990054CD13 /* icon (1)-20.png */ = {isa = PBXFileReference; lastKnownFileType = image.png; path = "icon (1)-20.png"; sourceTree = "<group>"; };
		9095FC3A29EFFC990054CD13 /* icon (1)-76@2x.png */ = {isa = PBXFileReference; lastKnownFileType = image.png; path = "icon (1)-76@2x.png"; sourceTree = "<group>"; };
		9095FC3B29EFFC990054CD13 /* icon (1)-29@3x.png */ = {isa = PBXFileReference; lastKnownFileType = image.png; path = "icon (1)-29@3x.png"; sourceTree = "<group>"; };
		9095FC3C29EFFC990054CD13 /* icon (1)-60@2x.png */ = {isa = PBXFileReference; lastKnownFileType = image.png; path = "icon (1)-60@2x.png"; sourceTree = "<group>"; };
		9095FC3D29EFFC990054CD13 /* icon (1)-60@3x.png */ = {isa = PBXFileReference; lastKnownFileType = image.png; path = "icon (1)-60@3x.png"; sourceTree = "<group>"; };
		9095FC3E29EFFC990054CD13 /* icon (1)-29@2x.png */ = {isa = PBXFileReference; lastKnownFileType = image.png; path = "icon (1)-29@2x.png"; sourceTree = "<group>"; };
		9095FC3F29EFFC990054CD13 /* icon (1)-40.png */ = {isa = PBXFileReference; lastKnownFileType = image.png; path = "icon (1)-40.png"; sourceTree = "<group>"; };
		9095FC4029EFFC990054CD13 /* icon (1)-1024.png */ = {isa = PBXFileReference; lastKnownFileType = image.png; path = "icon (1)-1024.png"; sourceTree = "<group>"; };
		90CB95B229AE078800542BD2 /* Playground.app */ = {isa = PBXFileReference; explicitFileType = wrapper.application; includeInIndex = 0; path = Playground.app; sourceTree = BUILT_PRODUCTS_DIR; };
		90CB95B529AE078800542BD2 /* fridaplaygroundApp.swift */ = {isa = PBXFileReference; lastKnownFileType = sourcecode.swift; path = fridaplaygroundApp.swift; sourceTree = "<group>"; };
		90CB95B729AE078800542BD2 /* ContentView.swift */ = {isa = PBXFileReference; lastKnownFileType = sourcecode.swift; path = ContentView.swift; sourceTree = "<group>"; };
		90CB95B929AE078D00542BD2 /* Assets.xcassets */ = {isa = PBXFileReference; lastKnownFileType = folder.assetcatalog; path = Assets.xcassets; sourceTree = "<group>"; };
		90CB95BC29AE078D00542BD2 /* Preview Assets.xcassets */ = {isa = PBXFileReference; lastKnownFileType = folder.assetcatalog; path = "Preview Assets.xcassets"; sourceTree = "<group>"; };
/* End PBXFileReference section */

/* Begin PBXFrameworksBuildPhase section */
		90CB95AF29AE078800542BD2 /* Frameworks */ = {
			isa = PBXFrameworksBuildPhase;
			buildActionMask = 2147483647;
			files = (
			);
			runOnlyForDeploymentPostprocessing = 0;
		};
/* End PBXFrameworksBuildPhase section */

/* Begin PBXGroup section */
		9095FC3029EFFC980054CD13 /* AppIcon.appiconset */ = {
			isa = PBXGroup;
			children = (
				9095FC3129EFFC980054CD13 /* icon (1)-20@2x.png */,
				9095FC3229EFFC990054CD13 /* icon (1)-20@3x.png */,
				9095FC3329EFFC990054CD13 /* icon (1)-76.png */,
				9095FC3429EFFC990054CD13 /* icon (1)-83.5@2x.png */,
				9095FC3529EFFC990054CD13 /* icon (1)-29.png */,
				9095FC3629EFFC990054CD13 /* icon (1)-40@3x.png */,
				9095FC3729EFFC990054CD13 /* Contents.json */,
				9095FC3829EFFC990054CD13 /* icon (1)-40@2x.png */,
				9095FC3929EFFC990054CD13 /* icon (1)-20.png */,
				9095FC3A29EFFC990054CD13 /* icon (1)-76@2x.png */,
				9095FC3B29EFFC990054CD13 /* icon (1)-29@3x.png */,
				9095FC3C29EFFC990054CD13 /* icon (1)-60@2x.png */,
				9095FC3D29EFFC990054CD13 /* icon (1)-60@3x.png */,
				9095FC3E29EFFC990054CD13 /* icon (1)-29@2x.png */,
				9095FC3F29EFFC990054CD13 /* icon (1)-40.png */,
				9095FC4029EFFC990054CD13 /* icon (1)-1024.png */,
			);
			name = AppIcon.appiconset;
			path = assets/iOS/AppIcon.appiconset;
			sourceTree = "<group>";
		};
		90CB95A929AE078800542BD2 = {
			isa = PBXGroup;
			children = (
				90CB95B429AE078800542BD2 /* fridaplayground */,
				90CB95B329AE078800542BD2 /* Products */,
			);
			sourceTree = "<group>";
		};
		90CB95B329AE078800542BD2 /* Products */ = {
			isa = PBXGroup;
			children = (
				90CB95B229AE078800542BD2 /* Playground.app */,
			);
			name = Products;
			sourceTree = "<group>";
		};
		90CB95B429AE078800542BD2 /* fridaplayground */ = {
			isa = PBXGroup;
			children = (
				9095FC2E29E056110054CD13 /* String+Subscript.swift */,
				9095FC2C29E049A60054CD13 /* ChallengeVault.swift */,
				90CB95B529AE078800542BD2 /* fridaplaygroundApp.swift */,
				90CB95B729AE078800542BD2 /* ContentView.swift */,
				90CB95B929AE078D00542BD2 /* Assets.xcassets */,
				90CB95BB29AE078D00542BD2 /* Preview Content */,
				9095FC1B29DDA45C0054CD13 /* VulnerableVault.m */,
				9095FC1A29DDA45C0054CD13 /* fridaplayground-Bridging-Header.h */,
				9095FC1D29DDAC2E0054CD13 /* VulnerableVault.h */,
				9095FC1E29DDBB4D0054CD13 /* Helper.swift */,
				9095FC2029DDD1CE0054CD13 /* ChallengeView.swift */,
				9095FC2229DDE8910054CD13 /* HiddenVault.m */,
				9095FC2429DDE8C00054CD13 /* HiddenVault.h */,
				9095FC2529DF27C70054CD13 /* NativeVault.h */,
				9095FC2629DF27C70054CD13 /* NativeVault.c */,
				9095FC2829DF3DA20054CD13 /* Security.swift */,
				9095FC2A29DF514D0054CD13 /* SwiftVault.swift */,
				9095FC3029EFFC980054CD13 /* AppIcon.appiconset */,
			);
			path = fridaplayground;
			sourceTree = "<group>";
		};
		90CB95BB29AE078D00542BD2 /* Preview Content */ = {
			isa = PBXGroup;
			children = (
				90CB95BC29AE078D00542BD2 /* Preview Assets.xcassets */,
			);
			path = "Preview Content";
			sourceTree = "<group>";
		};
/* End PBXGroup section */

/* Begin PBXNativeTarget section */
		90CB95B129AE078800542BD2 /* fridaplayground */ = {
			isa = PBXNativeTarget;
			buildConfigurationList = 90CB95C029AE078D00542BD2 /* Build configuration list for PBXNativeTarget "fridaplayground" */;
			buildPhases = (
				90CB95AE29AE078800542BD2 /* Sources */,
				90CB95AF29AE078800542BD2 /* Frameworks */,
				90CB95B029AE078800542BD2 /* Resources */,
			);
			buildRules = (
			);
			dependencies = (
			);
			name = fridaplayground;
			productName = fridaplayground;
			productReference = 90CB95B229AE078800542BD2 /* Playground.app */;
			productType = "com.apple.product-type.application";
		};
/* End PBXNativeTarget section */

/* Begin PBXProject section */
		90CB95AA29AE078800542BD2 /* Project object */ = {
			isa = PBXProject;
			attributes = {
				BuildIndependentTargetsInParallel = 1;
				LastSwiftUpdateCheck = 1340;
				LastUpgradeCheck = 1340;
				TargetAttributes = {
					90CB95B129AE078800542BD2 = {
						CreatedOnToolsVersion = 13.4.1;
						LastSwiftMigration = 1340;
					};
				};
			};
			buildConfigurationList = 90CB95AD29AE078800542BD2 /* Build configuration list for PBXProject "fridaplayground" */;
			compatibilityVersion = "Xcode 13.0";
			developmentRegion = en;
			hasScannedForEncodings = 0;
			knownRegions = (
				en,
				Base,
			);
			mainGroup = 90CB95A929AE078800542BD2;
			productRefGroup = 90CB95B329AE078800542BD2 /* Products */;
			projectDirPath = "";
			projectRoot = "";
			targets = (
				90CB95B129AE078800542BD2 /* fridaplayground */,
			);
		};
/* End PBXProject section */

/* Begin PBXResourcesBuildPhase section */
		90CB95B029AE078800542BD2 /* Resources */ = {
			isa = PBXResourcesBuildPhase;
			buildActionMask = 2147483647;
			files = (
				90CB95BD29AE078D00542BD2 /* Preview Assets.xcassets in Resources */,
				90CB95BA29AE078D00542BD2 /* Assets.xcassets in Resources */,
			);
			runOnlyForDeploymentPostprocessing = 0;
		};
/* End PBXResourcesBuildPhase section */

/* Begin PBXSourcesBuildPhase section */
		90CB95AE29AE078800542BD2 /* Sources */ = {
			isa = PBXSourcesBuildPhase;
			buildActionMask = 2147483647;
			files = (
				9095FC2B29DF514D0054CD13 /* SwiftVault.swift in Sources */,
				9095FC1C29DDA45C0054CD13 /* VulnerableVault.m in Sources */,
				9095FC2929DF3DA30054CD13 /* Security.swift in Sources */,
				9095FC2129DDD1CE0054CD13 /* ChallengeView.swift in Sources */,
				9095FC2D29E049A60054CD13 /* ChallengeVault.swift in Sources */,
				9095FC2729DF27C70054CD13 /* NativeVault.c in Sources */,
				9095FC1F29DDBB4D0054CD13 /* Helper.swift in Sources */,
				90CB95B829AE078800542BD2 /* ContentView.swift in Sources */,
				9095FC2329DDE8910054CD13 /* HiddenVault.m in Sources */,
				9095FC2F29E056110054CD13 /* String+Subscript.swift in Sources */,
				90CB95B629AE078800542BD2 /* fridaplaygroundApp.swift in Sources */,
			);
			runOnlyForDeploymentPostprocessing = 0;
		};
/* End PBXSourcesBuildPhase section */

/* Begin XCBuildConfiguration section */
		90CB95BE29AE078D00542BD2 /* Debug */ = {
			isa = XCBuildConfiguration;
			buildSettings = {
				ALWAYS_SEARCH_USER_PATHS = NO;
				CLANG_ANALYZER_NONNULL = YES;
				CLANG_ANALYZER_NUMBER_OBJECT_CONVERSION = YES_AGGRESSIVE;
				CLANG_CXX_LANGUAGE_STANDARD = "gnu++17";
				CLANG_ENABLE_MODULES = YES;
				CLANG_ENABLE_OBJC_ARC = YES;
				CLANG_ENABLE_OBJC_WEAK = YES;
				CLANG_WARN_BLOCK_CAPTURE_AUTORELEASING = YES;
				CLANG_WARN_BOOL_CONVERSION = YES;
				CLANG_WARN_COMMA = YES;
				CLANG_WARN_CONSTANT_CONVERSION = YES;
				CLANG_WARN_DEPRECATED_OBJC_IMPLEMENTATIONS = YES;
				CLANG_WARN_DIRECT_OBJC_ISA_USAGE = YES_ERROR;
				CLANG_WARN_DOCUMENTATION_COMMENTS = YES;
				CLANG_WARN_EMPTY_BODY = YES;
				CLANG_WARN_ENUM_CONVERSION = YES;
				CLANG_WARN_INFINITE_RECURSION = YES;
				CLANG_WARN_INT_CONVERSION = YES;
				CLANG_WARN_NON_LITERAL_NULL_CONVERSION = YES;
				CLANG_WARN_OBJC_IMPLICIT_RETAIN_SELF = YES;
				CLANG_WARN_OBJC_LITERAL_CONVERSION = YES;
				CLANG_WARN_OBJC_ROOT_CLASS = YES_ERROR;
				CLANG_WARN_QUOTED_INCLUDE_IN_FRAMEWORK_HEADER = YES;
				CLANG_WARN_RANGE_LOOP_ANALYSIS = YES;
				CLANG_WARN_STRICT_PROTOTYPES = YES;
				CLANG_WARN_SUSPICIOUS_MOVE = YES;
				CLANG_WARN_UNGUARDED_AVAILABILITY = YES_AGGRESSIVE;
				CLANG_WARN_UNREACHABLE_CODE = YES;
				CLANG_WARN__DUPLICATE_METHOD_MATCH = YES;
				COPY_PHASE_STRIP = NO;
				DEBUG_INFORMATION_FORMAT = dwarf;
				ENABLE_STRICT_OBJC_MSGSEND = YES;
				ENABLE_TESTABILITY = YES;
				GCC_C_LANGUAGE_STANDARD = gnu11;
				GCC_DYNAMIC_NO_PIC = NO;
				GCC_NO_COMMON_BLOCKS = YES;
				GCC_OPTIMIZATION_LEVEL = 0;
				GCC_PREPROCESSOR_DEFINITIONS = (
					"DEBUG=1",
					"$(inherited)",
				);
				GCC_WARN_64_TO_32_BIT_CONVERSION = YES;
				GCC_WARN_ABOUT_RETURN_TYPE = YES_ERROR;
				GCC_WARN_UNDECLARED_SELECTOR = YES;
				GCC_WARN_UNINITIALIZED_AUTOS = YES_AGGRESSIVE;
				GCC_WARN_UNUSED_FUNCTION = YES;
				GCC_WARN_UNUSED_VARIABLE = YES;
				IPHONEOS_DEPLOYMENT_TARGET = 14.0;
				MTL_ENABLE_DEBUG_INFO = INCLUDE_SOURCE;
				MTL_FAST_MATH = YES;
				ONLY_ACTIVE_ARCH = YES;
				SDKROOT = iphoneos;
				SWIFT_ACTIVE_COMPILATION_CONDITIONS = DEBUG;
				SWIFT_OPTIMIZATION_LEVEL = "-Onone";
			};
			name = Debug;
		};
		90CB95BF29AE078D00542BD2 /* Release */ = {
			isa = XCBuildConfiguration;
			buildSettings = {
				ALWAYS_SEARCH_USER_PATHS = NO;
				CLANG_ANALYZER_NONNULL = YES;
				CLANG_ANALYZER_NUMBER_OBJECT_CONVERSION = YES_AGGRESSIVE;
				CLANG_CXX_LANGUAGE_STANDARD = "gnu++17";
				CLANG_ENABLE_MODULES = YES;
				CLANG_ENABLE_OBJC_ARC = YES;
				CLANG_ENABLE_OBJC_WEAK = YES;
				CLANG_WARN_BLOCK_CAPTURE_AUTORELEASING = YES;
				CLANG_WARN_BOOL_CONVERSION = YES;
				CLANG_WARN_COMMA = YES;
				CLANG_WARN_CONSTANT_CONVERSION = YES;
				CLANG_WARN_DEPRECATED_OBJC_IMPLEMENTATIONS = YES;
				CLANG_WARN_DIRECT_OBJC_ISA_USAGE = YES_ERROR;
				CLANG_WARN_DOCUMENTATION_COMMENTS = YES;
				CLANG_WARN_EMPTY_BODY = YES;
				CLANG_WARN_ENUM_CONVERSION = YES;
				CLANG_WARN_INFINITE_RECURSION = YES;
				CLANG_WARN_INT_CONVERSION = YES;
				CLANG_WARN_NON_LITERAL_NULL_CONVERSION = YES;
				CLANG_WARN_OBJC_IMPLICIT_RETAIN_SELF = YES;
				CLANG_WARN_OBJC_LITERAL_CONVERSION = YES;
				CLANG_WARN_OBJC_ROOT_CLASS = YES_ERROR;
				CLANG_WARN_QUOTED_INCLUDE_IN_FRAMEWORK_HEADER = YES;
				CLANG_WARN_RANGE_LOOP_ANALYSIS = YES;
				CLANG_WARN_STRICT_PROTOTYPES = YES;
				CLANG_WARN_SUSPICIOUS_MOVE = YES;
				CLANG_WARN_UNGUARDED_AVAILABILITY = YES_AGGRESSIVE;
				CLANG_WARN_UNREACHABLE_CODE = YES;
				CLANG_WARN__DUPLICATE_METHOD_MATCH = YES;
				COPY_PHASE_STRIP = NO;
				DEBUG_INFORMATION_FORMAT = "dwarf-with-dsym";
				ENABLE_NS_ASSERTIONS = NO;
				ENABLE_STRICT_OBJC_MSGSEND = YES;
				GCC_C_LANGUAGE_STANDARD = gnu11;
				GCC_NO_COMMON_BLOCKS = YES;
				GCC_WARN_64_TO_32_BIT_CONVERSION = YES;
				GCC_WARN_ABOUT_RETURN_TYPE = YES_ERROR;
				GCC_WARN_UNDECLARED_SELECTOR = YES;
				GCC_WARN_UNINITIALIZED_AUTOS = YES_AGGRESSIVE;
				GCC_WARN_UNUSED_FUNCTION = YES;
				GCC_WARN_UNUSED_VARIABLE = YES;
				IPHONEOS_DEPLOYMENT_TARGET = 14.0;
				MTL_ENABLE_DEBUG_INFO = NO;
				MTL_FAST_MATH = YES;
				SDKROOT = iphoneos;
				SWIFT_COMPILATION_MODE = wholemodule;
				SWIFT_OPTIMIZATION_LEVEL = "-O";
				VALIDATE_PRODUCT = YES;
			};
			name = Release;
		};
		90CB95C129AE078D00542BD2 /* Debug */ = {
			isa = XCBuildConfiguration;
			buildSettings = {
				ASSETCATALOG_COMPILER_APPICON_NAME = "AppIcon-1";
				ASSETCATALOG_COMPILER_GLOBAL_ACCENT_COLOR_NAME = AccentColor;
				CLANG_ENABLE_MODULES = YES;
				CODE_SIGN_STYLE = Automatic;
				CURRENT_PROJECT_VERSION = 1;
				DEVELOPMENT_ASSET_PATHS = "\"fridaplayground/Preview Content\"";
				DEVELOPMENT_TEAM = 6FZT6QZ6X3;
				ENABLE_PREVIEWS = YES;
				GENERATE_INFOPLIST_FILE = YES;
				INFOPLIST_KEY_UIApplicationSceneManifest_Generation = YES;
				INFOPLIST_KEY_UIApplicationSupportsIndirectInputEvents = YES;
				INFOPLIST_KEY_UILaunchScreen_Generation = YES;
				INFOPLIST_KEY_UISupportedInterfaceOrientations_iPad = "UIInterfaceOrientationPortrait UIInterfaceOrientationPortraitUpsideDown UIInterfaceOrientationLandscapeLeft UIInterfaceOrientationLandscapeRight";
				INFOPLIST_KEY_UISupportedInterfaceOrientations_iPhone = "UIInterfaceOrientationPortrait UIInterfaceOrientationLandscapeLeft UIInterfaceOrientationLandscapeRight";
				LD_RUNPATH_SEARCH_PATHS = (
					"$(inherited)",
					"@executable_path/Frameworks",
				);
				MARKETING_VERSION = 1.0;
				PRODUCT_BUNDLE_IDENTIFIER = eu.nviso.fridaplayground;
				PRODUCT_NAME = Playground;
				SWIFT_EMIT_LOC_STRINGS = YES;
				SWIFT_OBJC_BRIDGING_HEADER = "fridaplayground/fridaplayground-Bridging-Header.h";
				SWIFT_OPTIMIZATION_LEVEL = "-Onone";
				SWIFT_VERSION = 5.0;
				TARGETED_DEVICE_FAMILY = "1,2";
			};
			name = Debug;
		};
		90CB95C229AE078D00542BD2 /* Release */ = {
			isa = XCBuildConfiguration;
			buildSettings = {
				ASSETCATALOG_COMPILER_APPICON_NAME = "AppIcon-1";
				ASSETCATALOG_COMPILER_GLOBAL_ACCENT_COLOR_NAME = AccentColor;
				CLANG_ENABLE_MODULES = YES;
				CODE_SIGN_STYLE = Automatic;
				CURRENT_PROJECT_VERSION = 1;
				DEVELOPMENT_ASSET_PATHS = "\"fridaplayground/Preview Content\"";
				DEVELOPMENT_TEAM = 6FZT6QZ6X3;
				ENABLE_PREVIEWS = YES;
				GENERATE_INFOPLIST_FILE = YES;
				INFOPLIST_KEY_UIApplicationSceneManifest_Generation = YES;
				INFOPLIST_KEY_UIApplicationSupportsIndirectInputEvents = YES;
				INFOPLIST_KEY_UILaunchScreen_Generation = YES;
				INFOPLIST_KEY_UISupportedInterfaceOrientations_iPad = "UIInterfaceOrientationPortrait UIInterfaceOrientationPortraitUpsideDown UIInterfaceOrientationLandscapeLeft UIInterfaceOrientationLandscapeRight";
				INFOPLIST_KEY_UISupportedInterfaceOrientations_iPhone = "UIInterfaceOrientationPortrait UIInterfaceOrientationLandscapeLeft UIInterfaceOrientationLandscapeRight";
				LD_RUNPATH_SEARCH_PATHS = (
					"$(inherited)",
					"@executable_path/Frameworks",
				);
				MARKETING_VERSION = 1.0;
				PRODUCT_BUNDLE_IDENTIFIER = eu.nviso.fridaplayground;
				PRODUCT_NAME = Playground;
				SWIFT_EMIT_LOC_STRINGS = YES;
				SWIFT_OBJC_BRIDGING_HEADER = "fridaplayground/fridaplayground-Bridging-Header.h";
				SWIFT_VERSION = 5.0;
				TARGETED_DEVICE_FAMILY = "1,2";
			};
			name = Release;
		};
/* End XCBuildConfiguration section */

/* Begin XCConfigurationList section */
		90CB95AD29AE078800542BD2 /* Build configuration list for PBXProject "fridaplayground" */ = {
			isa = XCConfigurationList;
			buildConfigurations = (
				90CB95BE29AE078D00542BD2 /* Debug */,
				90CB95BF29AE078D00542BD2 /* Release */,
			);
			defaultConfigurationIsVisible = 0;
			defaultConfigurationName = Release;
		};
		90CB95C029AE078D00542BD2 /* Build configuration list for PBXNativeTarget "fridaplayground" */ = {
			isa = XCConfigurationList;
			buildConfigurations = (
				90CB95C129AE078D00542BD2 /* Debug */,
				90CB95C229AE078D00542BD2 /* Release */,
			);
			defaultConfigurationIsVisible = 0;
			defaultConfigurationName = Release;
		};
/* End XCConfigurationList section */
	};
	rootObject = 90CB95AA29AE078800542BD2 /* Project object */;
}
